
Microsoft Visual Studio Solution File, Format Version 12.00
# Visual Studio Version 16
VisualStudioVersion = 16.0.29418.71
MinimumVisualStudioVersion = 10.0.40219.1
Project("{FAE04EC0-301F-11D3-BF4B-00C04F79EFBC}") = "KeyVaultDemo", "KeyVaultDemo\KeyVaultDemo.csproj", "{3B7AE5F2-F167-476A-8A5D-0A6C1F81DDE8}"
EndProject
Global
	GlobalSection(SolutionConfigurationPlatforms) = preSolution
		Debug|Any CPU = Debug|Any CPU
		Release|Any CPU = Release|Any CPU
	EndGlobalSection
	GlobalSection(ProjectConfigurationPlatforms) = postSolution
		{3B7AE5F2-F167-476A-8A5D-0A6C1F81DDE8}.Debug|Any CPU.ActiveCfg = Debug|Any CPU
		{3B7AE5F2-F167-476A-8A5D-0A6C1F81DDE8}.Debug|Any CPU.Build.0 = Debug|Any CPU
		{3B7AE5F2-F167-476A-8A5D-0A6C1F81DDE8}.Release|Any CPU.ActiveCfg = Release|Any CPU
		{3B7AE5F2-F167-476A-8A5D-0A6C1F81DDE8}.Release|Any CPU.Build.0 = Release|Any CPU
	EndGlobalSection
	GlobalSection(SolutionProperties) = preSolution
		HideSolutionNode = FALSE
	EndGlobalSection
	GlobalSection(ExtensibilityGlobals) = postSolution
		SolutionGuid = {57C979D0-F193-414F-8A25-65BD93A42A93}
	EndGlobalSection
EndGlobal
